// !$*UTF8*$!
{
	archiveVersion = 1;
	classes = {
	};
	objectVersion = 55;
	objects = {

/* Begin PBXBuildFile section */
		C3F3BB4828BD1AFD00B4D5CA /* AppDelegate.swift in Sources */ = {isa = PBXBuildFile; fileRef = C3F3BB4728BD1AFD00B4D5CA /* AppDelegate.swift */; };
		C3F3BB4A28BD1AFD00B4D5CA /* SceneDelegate.swift in Sources */ = {isa = PBXBuildFile; fileRef = C3F3BB4928BD1AFD00B4D5CA /* SceneDelegate.swift */; };
		C3F3BB4C28BD1AFD00B4D5CA /* ViewController.swift in Sources */ = {isa = PBXBuildFile; fileRef = C3F3BB4B28BD1AFD00B4D5CA /* ViewController.swift */; };
		C3F3BB4F28BD1AFD00B4D5CA /* Main.storyboard in Resources */ = {isa = PBXBuildFile; fileRef = C3F3BB4D28BD1AFD00B4D5CA /* Main.storyboard */; };
		C3F3BB5128BD1AFE00B4D5CA /* Assets.xcassets in Resources */ = {isa = PBXBuildFile; fileRef = C3F3BB5028BD1AFE00B4D5CA /* Assets.xcassets */; };
		C3F3BB5428BD1AFE00B4D5CA /* LaunchScreen.storyboard in Resources */ = {isa = PBXBuildFile; fileRef = C3F3BB5228BD1AFE00B4D5CA /* LaunchScreen.storyboard */; };
		C3F3BB5F28BD1AFE00B4D5CA /* BPMWorkoutVisualizerTests.swift in Sources */ = {isa = PBXBuildFile; fileRef = C3F3BB5E28BD1AFE00B4D5CA /* BPMWorkoutVisualizerTests.swift */; };
		C3F3BB6928BD1AFE00B4D5CA /* BPMWorkoutVisualizerUITests.swift in Sources */ = {isa = PBXBuildFile; fileRef = C3F3BB6828BD1AFE00B4D5CA /* BPMWorkoutVisualizerUITests.swift */; };
		C3F3BB6B28BD1AFE00B4D5CA /* BPMWorkoutVisualizerUITestsLaunchTests.swift in Sources */ = {isa = PBXBuildFile; fileRef = C3F3BB6A28BD1AFE00B4D5CA /* BPMWorkoutVisualizerUITestsLaunchTests.swift */; };
/* End PBXBuildFile section */

/* Begin PBXContainerItemProxy section */
		C3F3BB5B28BD1AFE00B4D5CA /* PBXContainerItemProxy */ = {
			isa = PBXContainerItemProxy;
			containerPortal = C3F3BB3C28BD1AFD00B4D5CA /* Project object */;
			proxyType = 1;
			remoteGlobalIDString = C3F3BB4328BD1AFD00B4D5CA;
			remoteInfo = BPMWorkoutVisualizer;
		};
		C3F3BB6528BD1AFE00B4D5CA /* PBXContainerItemProxy */ = {
			isa = PBXContainerItemProxy;
			containerPortal = C3F3BB3C28BD1AFD00B4D5CA /* Project object */;
			proxyType = 1;
			remoteGlobalIDString = C3F3BB4328BD1AFD00B4D5CA;
			remoteInfo = BPMWorkoutVisualizer;
		};
/* End PBXContainerItemProxy section */

/* Begin PBXFileReference section */
		C3F3BB4428BD1AFD00B4D5CA /* BPMWorkoutVisualizer.app */ = {isa = PBXFileReference; explicitFileType = wrapper.application; includeInIndex = 0; path = BPMWorkoutVisualizer.app; sourceTree = BUILT_PRODUCTS_DIR; };
		C3F3BB4728BD1AFD00B4D5CA /* AppDelegate.swift */ = {isa = PBXFileReference; lastKnownFileType = sourcecode.swift; path = AppDelegate.swift; sourceTree = "<group>"; };
		C3F3BB4928BD1AFD00B4D5CA /* SceneDelegate.swift */ = {isa = PBXFileReference; lastKnownFileType = sourcecode.swift; path = SceneDelegate.swift; sourceTree = "<group>"; };
		C3F3BB4B28BD1AFD00B4D5CA /* ViewController.swift */ = {isa = PBXFileReference; lastKnownFileType = sourcecode.swift; path = ViewController.swift; sourceTree = "<group>"; };
		C3F3BB4E28BD1AFD00B4D5CA /* Base */ = {isa = PBXFileReference; lastKnownFileType = file.storyboard; name = Base; path = Base.lproj/Main.storyboard; sourceTree = "<group>"; };
		C3F3BB5028BD1AFE00B4D5CA /* Assets.xcassets */ = {isa = PBXFileReference; lastKnownFileType = folder.assetcatalog; path = Assets.xcassets; sourceTree = "<group>"; };
		C3F3BB5328BD1AFE00B4D5CA /* Base */ = {isa = PBXFileReference; lastKnownFileType = file.storyboard; name = Base; path = Base.lproj/LaunchScreen.storyboard; sourceTree = "<group>"; };
		C3F3BB5528BD1AFE00B4D5CA /* Info.plist */ = {isa = PBXFileReference; lastKnownFileType = text.plist.xml; path = Info.plist; sourceTree = "<group>"; };
		C3F3BB5A28BD1AFE00B4D5CA /* BPMWorkoutVisualizerTests.xctest */ = {isa = PBXFileReference; explicitFileType = wrapper.cfbundle; includeInIndex = 0; path = BPMWorkoutVisualizerTests.xctest; sourceTree = BUILT_PRODUCTS_DIR; };
		C3F3BB5E28BD1AFE00B4D5CA /* BPMWorkoutVisualizerTests.swift */ = {isa = PBXFileReference; lastKnownFileType = sourcecode.swift; path = BPMWorkoutVisualizerTests.swift; sourceTree = "<group>"; };
		C3F3BB6428BD1AFE00B4D5CA /* BPMWorkoutVisualizerUITests.xctest */ = {isa = PBXFileReference; explicitFileType = wrapper.cfbundle; includeInIndex = 0; path = BPMWorkoutVisualizerUITests.xctest; sourceTree = BUILT_PRODUCTS_DIR; };
		C3F3BB6828BD1AFE00B4D5CA /* BPMWorkoutVisualizerUITests.swift */ = {isa = PBXFileReference; lastKnownFileType = sourcecode.swift; path = BPMWorkoutVisualizerUITests.swift; sourceTree = "<group>"; };
		C3F3BB6A28BD1AFE00B4D5CA /* BPMWorkoutVisualizerUITestsLaunchTests.swift */ = {isa = PBXFileReference; lastKnownFileType = sourcecode.swift; path = BPMWorkoutVisualizerUITestsLaunchTests.swift; sourceTree = "<group>"; };
/* End PBXFileReference section */

/* Begin PBXFrameworksBuildPhase section */
		C3F3BB4128BD1AFD00B4D5CA /* Frameworks */ = {
			isa = PBXFrameworksBuildPhase;
			buildActionMask = 2147483647;
			files = (
			);
			runOnlyForDeploymentPostprocessing = 0;
		};
		C3F3BB5728BD1AFE00B4D5CA /* Frameworks */ = {
			isa = PBXFrameworksBuildPhase;
			buildActionMask = 2147483647;
			files = (
			);
			runOnlyForDeploymentPostprocessing = 0;
		};
		C3F3BB6128BD1AFE00B4D5CA /* Frameworks */ = {
			isa = PBXFrameworksBuildPhase;
			buildActionMask = 2147483647;
			files = (
			);
			runOnlyForDeploymentPostprocessing = 0;
		};
/* End PBXFrameworksBuildPhase section */

/* Begin PBXGroup section */
		C3F3BB3B28BD1AFD00B4D5CA = {
			isa = PBXGroup;
			children = (
				C3F3BB4628BD1AFD00B4D5CA /* BPMWorkoutVisualizer */,
				C3F3BB5D28BD1AFE00B4D5CA /* BPMWorkoutVisualizerTests */,
				C3F3BB6728BD1AFE00B4D5CA /* BPMWorkoutVisualizerUITests */,
				C3F3BB4528BD1AFD00B4D5CA /* Products */,
			);
			sourceTree = "<group>";
		};
		C3F3BB4528BD1AFD00B4D5CA /* Products */ = {
			isa = PBXGroup;
			children = (
				C3F3BB4428BD1AFD00B4D5CA /* BPMWorkoutVisualizer.app */,
				C3F3BB5A28BD1AFE00B4D5CA /* BPMWorkoutVisualizerTests.xctest */,
				C3F3BB6428BD1AFE00B4D5CA /* BPMWorkoutVisualizerUITests.xctest */,
			);
			name = Products;
			sourceTree = "<group>";
		};
		C3F3BB4628BD1AFD00B4D5CA /* BPMWorkoutVisualizer */ = {
			isa = PBXGroup;
			children = (
				C3F3BB4728BD1AFD00B4D5CA /* AppDelegate.swift */,
				C3F3BB4928BD1AFD00B4D5CA /* SceneDelegate.swift */,
				C3F3BB4B28BD1AFD00B4D5CA /* ViewController.swift */,
				C3F3BB4D28BD1AFD00B4D5CA /* Main.storyboard */,
				C3F3BB5028BD1AFE00B4D5CA /* Assets.xcassets */,
				C3F3BB5228BD1AFE00B4D5CA /* LaunchScreen.storyboard */,
				C3F3BB5528BD1AFE00B4D5CA /* Info.plist */,
			);
			path = BPMWorkoutVisualizer;
			sourceTree = "<group>";
		};
		C3F3BB5D28BD1AFE00B4D5CA /* BPMWorkoutVisualizerTests */ = {
			isa = PBXGroup;
			children = (
				C3F3BB5E28BD1AFE00B4D5CA /* BPMWorkoutVisualizerTests.swift */,
			);
			path = BPMWorkoutVisualizerTests;
			sourceTree = "<group>";
		};
		C3F3BB6728BD1AFE00B4D5CA /* BPMWorkoutVisualizerUITests */ = {
			isa = PBXGroup;
			children = (
				C3F3BB6828BD1AFE00B4D5CA /* BPMWorkoutVisualizerUITests.swift */,
				C3F3BB6A28BD1AFE00B4D5CA /* BPMWorkoutVisualizerUITestsLaunchTests.swift */,
			);
			path = BPMWorkoutVisualizerUITests;
			sourceTree = "<group>";
		};
/* End PBXGroup section */

/* Begin PBXNativeTarget section */
		C3F3BB4328BD1AFD00B4D5CA /* BPMWorkoutVisualizer */ = {
			isa = PBXNativeTarget;
			buildConfigurationList = C3F3BB6E28BD1AFE00B4D5CA /* Build configuration list for PBXNativeTarget "BPMWorkoutVisualizer" */;
			buildPhases = (
				C3F3BB4028BD1AFD00B4D5CA /* Sources */,
				C3F3BB4128BD1AFD00B4D5CA /* Frameworks */,
				C3F3BB4228BD1AFD00B4D5CA /* Resources */,
			);
			buildRules = (
			);
			dependencies = (
			);
			name = BPMWorkoutVisualizer;
			productName = BPMWorkoutVisualizer;
			productReference = C3F3BB4428BD1AFD00B4D5CA /* BPMWorkoutVisualizer.app */;
			productType = "com.apple.product-type.application";
		};
		C3F3BB5928BD1AFE00B4D5CA /* BPMWorkoutVisualizerTests */ = {
			isa = PBXNativeTarget;
			buildConfigurationList = C3F3BB7128BD1AFE00B4D5CA /* Build configuration list for PBXNativeTarget "BPMWorkoutVisualizerTests" */;
			buildPhases = (
				C3F3BB5628BD1AFE00B4D5CA /* Sources */,
				C3F3BB5728BD1AFE00B4D5CA /* Frameworks */,
				C3F3BB5828BD1AFE00B4D5CA /* Resources */,
			);
			buildRules = (
			);
			dependencies = (
				C3F3BB5C28BD1AFE00B4D5CA /* PBXTargetDependency */,
			);
			name = BPMWorkoutVisualizerTests;
			productName = BPMWorkoutVisualizerTests;
			productReference = C3F3BB5A28BD1AFE00B4D5CA /* BPMWorkoutVisualizerTests.xctest */;
			productType = "com.apple.product-type.bundle.unit-test";
		};
		C3F3BB6328BD1AFE00B4D5CA /* BPMWorkoutVisualizerUITests */ = {
			isa = PBXNativeTarget;
			buildConfigurationList = C3F3BB7428BD1AFE00B4D5CA /* Build configuration list for PBXNativeTarget "BPMWorkoutVisualizerUITests" */;
			buildPhases = (
				C3F3BB6028BD1AFE00B4D5CA /* Sources */,
				C3F3BB6128BD1AFE00B4D5CA /* Frameworks */,
				C3F3BB6228BD1AFE00B4D5CA /* Resources */,
			);
			buildRules = (
			);
			dependencies = (
				C3F3BB6628BD1AFE00B4D5CA /* PBXTargetDependency */,
			);
			name = BPMWorkoutVisualizerUITests;
			productName = BPMWorkoutVisualizerUITests;
			productReference = C3F3BB6428BD1AFE00B4D5CA /* BPMWorkoutVisualizerUITests.xctest */;
			productType = "com.apple.product-type.bundle.ui-testing";
		};
/* End PBXNativeTarget section */

/* Begin PBXProject section */
		C3F3BB3C28BD1AFD00B4D5CA /* Project object */ = {
			isa = PBXProject;
			attributes = {
				BuildIndependentTargetsInParallel = 1;
				LastSwiftUpdateCheck = 1340;
				LastUpgradeCheck = 1340;
				TargetAttributes = {
					C3F3BB4328BD1AFD00B4D5CA = {
						CreatedOnToolsVersion = 13.4.1;
					};
					C3F3BB5928BD1AFE00B4D5CA = {
						CreatedOnToolsVersion = 13.4.1;
						TestTargetID = C3F3BB4328BD1AFD00B4D5CA;
					};
					C3F3BB6328BD1AFE00B4D5CA = {
						CreatedOnToolsVersion = 13.4.1;
						TestTargetID = C3F3BB4328BD1AFD00B4D5CA;
					};
				};
			};
			buildConfigurationList = C3F3BB3F28BD1AFD00B4D5CA /* Build configuration list for PBXProject "BPMWorkoutVisualizer" */;
			compatibilityVersion = "Xcode 13.0";
			developmentRegion = en;
			hasScannedForEncodings = 0;
			knownRegions = (
				en,
				Base,
			);
			mainGroup = C3F3BB3B28BD1AFD00B4D5CA;
			productRefGroup = C3F3BB4528BD1AFD00B4D5CA /* Products */;
			projectDirPath = "";
			projectRoot = "";
			targets = (
				C3F3BB4328BD1AFD00B4D5CA /* BPMWorkoutVisualizer */,
				C3F3BB5928BD1AFE00B4D5CA /* BPMWorkoutVisualizerTests */,
				C3F3BB6328BD1AFE00B4D5CA /* BPMWorkoutVisualizerUITests */,
			);
		};
/* End PBXProject section */

/* Begin PBXResourcesBuildPhase section */
		C3F3BB4228BD1AFD00B4D5CA /* Resources */ = {
			isa = PBXResourcesBuildPhase;
			buildActionMask = 2147483647;
			files = (
				C3F3BB5428BD1AFE00B4D5CA /* LaunchScreen.storyboard in Resources */,
				C3F3BB5128BD1AFE00B4D5CA /* Assets.xcassets in Resources */,
				C3F3BB4F28BD1AFD00B4D5CA /* Main.storyboard in Resources */,
			);
			runOnlyForDeploymentPostprocessing = 0;
		};
		C3F3BB5828BD1AFE00B4D5CA /* Resources */ = {
			isa = PBXResourcesBuildPhase;
			buildActionMask = 2147483647;
			files = (
			);
			runOnlyForDeploymentPostprocessing = 0;
		};
		C3F3BB6228BD1AFE00B4D5CA /* Resources */ = {
			isa = PBXResourcesBuildPhase;
			buildActionMask = 2147483647;
			files = (
			);
			runOnlyForDeploymentPostprocessing = 0;
		};
/* End PBXResourcesBuildPhase section */

/* Begin PBXSourcesBuildPhase section */
		C3F3BB4028BD1AFD00B4D5CA /* Sources */ = {
			isa = PBXSourcesBuildPhase;
			buildActionMask = 2147483647;
			files = (
				C3F3BB4C28BD1AFD00B4D5CA /* ViewController.swift in Sources */,
				C3F3BB4828BD1AFD00B4D5CA /* AppDelegate.swift in Sources */,
				C3F3BB4A28BD1AFD00B4D5CA /* SceneDelegate.swift in Sources */,
			);
			runOnlyForDeploymentPostprocessing = 0;
		};
		C3F3BB5628BD1AFE00B4D5CA /* Sources */ = {
			isa = PBXSourcesBuildPhase;
			buildActionMask = 2147483647;
			files = (
				C3F3BB5F28BD1AFE00B4D5CA /* BPMWorkoutVisualizerTests.swift in Sources */,
			);
			runOnlyForDeploymentPostprocessing = 0;
		};
		C3F3BB6028BD1AFE00B4D5CA /* Sources */ = {
			isa = PBXSourcesBuildPhase;
			buildActionMask = 2147483647;
			files = (
				C3F3BB6B28BD1AFE00B4D5CA /* BPMWorkoutVisualizerUITestsLaunchTests.swift in Sources */,
				C3F3BB6928BD1AFE00B4D5CA /* BPMWorkoutVisualizerUITests.swift in Sources */,
			);
			runOnlyForDeploymentPostprocessing = 0;
		};
/* End PBXSourcesBuildPhase section */

/* Begin PBXTargetDependency section */
		C3F3BB5C28BD1AFE00B4D5CA /* PBXTargetDependency */ = {
			isa = PBXTargetDependency;
			target = C3F3BB4328BD1AFD00B4D5CA /* BPMWorkoutVisualizer */;
			targetProxy = C3F3BB5B28BD1AFE00B4D5CA /* PBXContainerItemProxy */;
		};
		C3F3BB6628BD1AFE00B4D5CA /* PBXTargetDependency */ = {
			isa = PBXTargetDependency;
			target = C3F3BB4328BD1AFD00B4D5CA /* BPMWorkoutVisualizer */;
			targetProxy = C3F3BB6528BD1AFE00B4D5CA /* PBXContainerItemProxy */;
		};
/* End PBXTargetDependency section */

/* Begin PBXVariantGroup section */
		C3F3BB4D28BD1AFD00B4D5CA /* Main.storyboard */ = {
			isa = PBXVariantGroup;
			children = (
				C3F3BB4E28BD1AFD00B4D5CA /* Base */,
			);
			name = Main.storyboard;
			sourceTree = "<group>";
		};
		C3F3BB5228BD1AFE00B4D5CA /* LaunchScreen.storyboard */ = {
			isa = PBXVariantGroup;
			children = (
				C3F3BB5328BD1AFE00B4D5CA /* Base */,
			);
			name = LaunchScreen.storyboard;
			sourceTree = "<group>";
		};
/* End PBXVariantGroup section */

/* Begin XCBuildConfiguration section */
		C3F3BB6C28BD1AFE00B4D5CA /* Debug */ = {
			isa = XCBuildConfiguration;
			buildSettings = {
				ALWAYS_SEARCH_USER_PATHS = NO;
				CLANG_ANALYZER_NONNULL = YES;
				CLANG_ANALYZER_NUMBER_OBJECT_CONVERSION = YES_AGGRESSIVE;
				CLANG_CXX_LANGUAGE_STANDARD = "gnu++17";
				CLANG_ENABLE_MODULES = YES;
				CLANG_ENABLE_OBJC_ARC = YES;
				CLANG_ENABLE_OBJC_WEAK = YES;
				CLANG_WARN_BLOCK_CAPTURE_AUTORELEASING = YES;
				CLANG_WARN_BOOL_CONVERSION = YES;
				CLANG_WARN_COMMA = YES;
				CLANG_WARN_CONSTANT_CONVERSION = YES;
				CLANG_WARN_DEPRECATED_OBJC_IMPLEMENTATIONS = YES;
				CLANG_WARN_DIRECT_OBJC_ISA_USAGE = YES_ERROR;
				CLANG_WARN_DOCUMENTATION_COMMENTS = YES;
				CLANG_WARN_EMPTY_BODY = YES;
				CLANG_WARN_ENUM_CONVERSION = YES;
				CLANG_WARN_INFINITE_RECURSION = YES;
				CLANG_WARN_INT_CONVERSION = YES;
				CLANG_WARN_NON_LITERAL_NULL_CONVERSION = YES;
				CLANG_WARN_OBJC_IMPLICIT_RETAIN_SELF = YES;
				CLANG_WARN_OBJC_LITERAL_CONVERSION = YES;
				CLANG_WARN_OBJC_ROOT_CLASS = YES_ERROR;
				CLANG_WARN_QUOTED_INCLUDE_IN_FRAMEWORK_HEADER = YES;
				CLANG_WARN_RANGE_LOOP_ANALYSIS = YES;
				CLANG_WARN_STRICT_PROTOTYPES = YES;
				CLANG_WARN_SUSPICIOUS_MOVE = YES;
				CLANG_WARN_UNGUARDED_AVAILABILITY = YES_AGGRESSIVE;
				CLANG_WARN_UNREACHABLE_CODE = YES;
				CLANG_WARN__DUPLICATE_METHOD_MATCH = YES;
				COPY_PHASE_STRIP = NO;
				DEBUG_INFORMATION_FORMAT = dwarf;
				ENABLE_STRICT_OBJC_MSGSEND = YES;
				ENABLE_TESTABILITY = YES;
				GCC_C_LANGUAGE_STANDARD = gnu11;
				GCC_DYNAMIC_NO_PIC = NO;
				GCC_NO_COMMON_BLOCKS = YES;
				GCC_OPTIMIZATION_LEVEL = 0;
				GCC_PREPROCESSOR_DEFINITIONS = (
					"DEBUG=1",
					"$(inherited)",
				);
				GCC_WARN_64_TO_32_BIT_CONVERSION = YES;
				GCC_WARN_ABOUT_RETURN_TYPE = YES_ERROR;
				GCC_WARN_UNDECLARED_SELECTOR = YES;
				GCC_WARN_UNINITIALIZED_AUTOS = YES_AGGRESSIVE;
				GCC_WARN_UNUSED_FUNCTION = YES;
				GCC_WARN_UNUSED_VARIABLE = YES;
				IPHONEOS_DEPLOYMENT_TARGET = 15.5;
				MTL_ENABLE_DEBUG_INFO = INCLUDE_SOURCE;
				MTL_FAST_MATH = YES;
				ONLY_ACTIVE_ARCH = YES;
				SDKROOT = iphoneos;
				SWIFT_ACTIVE_COMPILATION_CONDITIONS = DEBUG;
				SWIFT_OPTIMIZATION_LEVEL = "-Onone";
			};
			name = Debug;
		};
		C3F3BB6D28BD1AFE00B4D5CA /* Release */ = {
			isa = XCBuildConfiguration;
			buildSettings = {
				ALWAYS_SEARCH_USER_PATHS = NO;
				CLANG_ANALYZER_NONNULL = YES;
				CLANG_ANALYZER_NUMBER_OBJECT_CONVERSION = YES_AGGRESSIVE;
				CLANG_CXX_LANGUAGE_STANDARD = "gnu++17";
				CLANG_ENABLE_MODULES = YES;
				CLANG_ENABLE_OBJC_ARC = YES;
				CLANG_ENABLE_OBJC_WEAK = YES;
				CLANG_WARN_BLOCK_CAPTURE_AUTORELEASING = YES;
				CLANG_WARN_BOOL_CONVERSION = YES;
				CLANG_WARN_COMMA = YES;
				CLANG_WARN_CONSTANT_CONVERSION = YES;
				CLANG_WARN_DEPRECATED_OBJC_IMPLEMENTATIONS = YES;
				CLANG_WARN_DIRECT_OBJC_ISA_USAGE = YES_ERROR;
				CLANG_WARN_DOCUMENTATION_COMMENTS = YES;
				CLANG_WARN_EMPTY_BODY = YES;
				CLANG_WARN_ENUM_CONVERSION = YES;
				CLANG_WARN_INFINITE_RECURSION = YES;
				CLANG_WARN_INT_CONVERSION = YES;
				CLANG_WARN_NON_LITERAL_NULL_CONVERSION = YES;
				CLANG_WARN_OBJC_IMPLICIT_RETAIN_SELF = YES;
				CLANG_WARN_OBJC_LITERAL_CONVERSION = YES;
				CLANG_WARN_OBJC_ROOT_CLASS = YES_ERROR;
				CLANG_WARN_QUOTED_INCLUDE_IN_FRAMEWORK_HEADER = YES;
				CLANG_WARN_RANGE_LOOP_ANALYSIS = YES;
				CLANG_WARN_STRICT_PROTOTYPES = YES;
				CLANG_WARN_SUSPICIOUS_MOVE = YES;
				CLANG_WARN_UNGUARDED_AVAILABILITY = YES_AGGRESSIVE;
				CLANG_WARN_UNREACHABLE_CODE = YES;
				CLANG_WARN__DUPLICATE_METHOD_MATCH = YES;
				COPY_PHASE_STRIP = NO;
				DEBUG_INFORMATION_FORMAT = "dwarf-with-dsym";
				ENABLE_NS_ASSERTIONS = NO;
				ENABLE_STRICT_OBJC_MSGSEND = YES;
				GCC_C_LANGUAGE_STANDARD = gnu11;
				GCC_NO_COMMON_BLOCKS = YES;
				GCC_WARN_64_TO_32_BIT_CONVERSION = YES;
				GCC_WARN_ABOUT_RETURN_TYPE = YES_ERROR;
				GCC_WARN_UNDECLARED_SELECTOR = YES;
				GCC_WARN_UNINITIALIZED_AUTOS = YES_AGGRESSIVE;
				GCC_WARN_UNUSED_FUNCTION = YES;
				GCC_WARN_UNUSED_VARIABLE = YES;
				IPHONEOS_DEPLOYMENT_TARGET = 15.5;
				MTL_ENABLE_DEBUG_INFO = NO;
				MTL_FAST_MATH = YES;
				SDKROOT = iphoneos;
				SWIFT_COMPILATION_MODE = wholemodule;
				SWIFT_OPTIMIZATION_LEVEL = "-O";
				VALIDATE_PRODUCT = YES;
			};
			name = Release;
		};
		C3F3BB6F28BD1AFE00B4D5CA /* Debug */ = {
			isa = XCBuildConfiguration;
			buildSettings = {
				ASSETCATALOG_COMPILER_APPICON_NAME = AppIcon;
				ASSETCATALOG_COMPILER_GLOBAL_ACCENT_COLOR_NAME = AccentColor;
				CODE_SIGN_STYLE = Automatic;
				CURRENT_PROJECT_VERSION = 1;
				DEVELOPMENT_TEAM = 34KLT2SFT6;
				GENERATE_INFOPLIST_FILE = YES;
				INFOPLIST_FILE = BPMWorkoutVisualizer/Info.plist;
				INFOPLIST_KEY_UIApplicationSupportsIndirectInputEvents = YES;
				INFOPLIST_KEY_UILaunchStoryboardName = LaunchScreen;
				INFOPLIST_KEY_UIMainStoryboardFile = Main;
				INFOPLIST_KEY_UISupportedInterfaceOrientations_iPad = "UIInterfaceOrientationPortrait UIInterfaceOrientationPortraitUpsideDown UIInterfaceOrientationLandscapeLeft UIInterfaceOrientationLandscapeRight";
				INFOPLIST_KEY_UISupportedInterfaceOrientations_iPhone = "UIInterfaceOrientationPortrait UIInterfaceOrientationLandscapeLeft UIInterfaceOrientationLandscapeRight";
				LD_RUNPATH_SEARCH_PATHS = (
					"$(inherited)",
					"@executable_path/Frameworks",
				);
				MARKETING_VERSION = 1.0;
				PRODUCT_BUNDLE_IDENTIFIER = pro.madimedia.BPMWorkoutVisualizer;
				PRODUCT_NAME = "$(TARGET_NAME)";
				SWIFT_EMIT_LOC_STRINGS = YES;
				SWIFT_VERSION = 5.0;
				TARGETED_DEVICE_FAMILY = "1,2";
			};
			name = Debug;
		};
		C3F3BB7028BD1AFE00B4D5CA /* Release */ = {
			isa = XCBuildConfiguration;
			buildSettings = {
				ASSETCATALOG_COMPILER_APPICON_NAME = AppIcon;
				ASSETCATALOG_COMPILER_GLOBAL_ACCENT_COLOR_NAME = AccentColor;
				CODE_SIGN_STYLE = Automatic;
				CURRENT_PROJECT_VERSION = 1;
				DEVELOPMENT_TEAM = 34KLT2SFT6;
				GENERATE_INFOPLIST_FILE = YES;
				INFOPLIST_FILE = BPMWorkoutVisualizer/Info.plist;
				INFOPLIST_KEY_UIApplicationSupportsIndirectInputEvents = YES;
				INFOPLIST_KEY_UILaunchStoryboardName = LaunchScreen;
				INFOPLIST_KEY_UIMainStoryboardFile = Main;
				INFOPLIST_KEY_UISupportedInterfaceOrientations_iPad = "UIInterfaceOrientationPortrait UIInterfaceOrientationPortraitUpsideDown UIInterfaceOrientationLandscapeLeft UIInterfaceOrientationLandscapeRight";
				INFOPLIST_KEY_UISupportedInterfaceOrientations_iPhone = "UIInterfaceOrientationPortrait UIInterfaceOrientationLandscapeLeft UIInterfaceOrientationLandscapeRight";
				LD_RUNPATH_SEARCH_PATHS = (
					"$(inherited)",
					"@executable_path/Frameworks",
				);
				MARKETING_VERSION = 1.0;
				PRODUCT_BUNDLE_IDENTIFIER = pro.madimedia.BPMWorkoutVisualizer;
				PRODUCT_NAME = "$(TARGET_NAME)";
				SWIFT_EMIT_LOC_STRINGS = YES;
				SWIFT_VERSION = 5.0;
				TARGETED_DEVICE_FAMILY = "1,2";
			};
			name = Release;
		};
		C3F3BB7228BD1AFE00B4D5CA /* Debug */ = {
			isa = XCBuildConfiguration;
			buildSettings = {
				ALWAYS_EMBED_SWIFT_STANDARD_LIBRARIES = YES;
				BUNDLE_LOADER = "$(TEST_HOST)";
				CODE_SIGN_STYLE = Automatic;
				CURRENT_PROJECT_VERSION = 1;
				DEVELOPMENT_TEAM = 34KLT2SFT6;
				GENERATE_INFOPLIST_FILE = YES;
				IPHONEOS_DEPLOYMENT_TARGET = 15.5;
				MARKETING_VERSION = 1.0;
				PRODUCT_BUNDLE_IDENTIFIER = pro.madimedia.BPMWorkoutVisualizerTests;
				PRODUCT_NAME = "$(TARGET_NAME)";
				SWIFT_EMIT_LOC_STRINGS = NO;
				SWIFT_VERSION = 5.0;
				TARGETED_DEVICE_FAMILY = "1,2";
				TEST_HOST = "$(BUILT_PRODUCTS_DIR)/BPMWorkoutVisualizer.app/BPMWorkoutVisualizer";
			};
			name = Debug;
		};
		C3F3BB7328BD1AFE00B4D5CA /* Release */ = {
			isa = XCBuildConfiguration;
			buildSettings = {
				ALWAYS_EMBED_SWIFT_STANDARD_LIBRARIES = YES;
				BUNDLE_LOADER = "$(TEST_HOST)";
				CODE_SIGN_STYLE = Automatic;
				CURRENT_PROJECT_VERSION = 1;
				DEVELOPMENT_TEAM = 34KLT2SFT6;
				GENERATE_INFOPLIST_FILE = YES;
				IPHONEOS_DEPLOYMENT_TARGET = 15.5;
				MARKETING_VERSION = 1.0;
				PRODUCT_BUNDLE_IDENTIFIER = pro.madimedia.BPMWorkoutVisualizerTests;
				PRODUCT_NAME = "$(TARGET_NAME)";
				SWIFT_EMIT_LOC_STRINGS = NO;
				SWIFT_VERSION = 5.0;
				TARGETED_DEVICE_FAMILY = "1,2";
				TEST_HOST = "$(BUILT_PRODUCTS_DIR)/BPMWorkoutVisualizer.app/BPMWorkoutVisualizer";
			};
			name = Release;
		};
		C3F3BB7528BD1AFE00B4D5CA /* Debug */ = {
			isa = XCBuildConfiguration;
			buildSettings = {
				ALWAYS_EMBED_SWIFT_STANDARD_LIBRARIES = YES;
				CODE_SIGN_STYLE = Automatic;
				CURRENT_PROJECT_VERSION = 1;
				DEVELOPMENT_TEAM = 34KLT2SFT6;
				GENERATE_INFOPLIST_FILE = YES;
				MARKETING_VERSION = 1.0;
				PRODUCT_BUNDLE_IDENTIFIER = pro.madimedia.BPMWorkoutVisualizerUITests;
				PRODUCT_NAME = "$(TARGET_NAME)";
				SWIFT_EMIT_LOC_STRINGS = NO;
				SWIFT_VERSION = 5.0;
				TARGETED_DEVICE_FAMILY = "1,2";
				TEST_TARGET_NAME = BPMWorkoutVisualizer;
			};
			name = Debug;
		};
		C3F3BB7628BD1AFE00B4D5CA /* Release */ = {
			isa = XCBuildConfiguration;
			buildSettings = {
				ALWAYS_EMBED_SWIFT_STANDARD_LIBRARIES = YES;
				CODE_SIGN_STYLE = Automatic;
				CURRENT_PROJECT_VERSION = 1;
				DEVELOPMENT_TEAM = 34KLT2SFT6;
				GENERATE_INFOPLIST_FILE = YES;
				MARKETING_VERSION = 1.0;
				PRODUCT_BUNDLE_IDENTIFIER = pro.madimedia.BPMWorkoutVisualizerUITests;
				PRODUCT_NAME = "$(TARGET_NAME)";
				SWIFT_EMIT_LOC_STRINGS = NO;
				SWIFT_VERSION = 5.0;
				TARGETED_DEVICE_FAMILY = "1,2";
				TEST_TARGET_NAME = BPMWorkoutVisualizer;
			};
			name = Release;
		};
/* End XCBuildConfiguration section */

/* Begin XCConfigurationList section */
		C3F3BB3F28BD1AFD00B4D5CA /* Build configuration list for PBXProject "BPMWorkoutVisualizer" */ = {
			isa = XCConfigurationList;
			buildConfigurations = (
				C3F3BB6C28BD1AFE00B4D5CA /* Debug */,
				C3F3BB6D28BD1AFE00B4D5CA /* Release */,
			);
			defaultConfigurationIsVisible = 0;
			defaultConfigurationName = Release;
		};
		C3F3BB6E28BD1AFE00B4D5CA /* Build configuration list for PBXNativeTarget "BPMWorkoutVisualizer" */ = {
			isa = XCConfigurationList;
			buildConfigurations = (
				C3F3BB6F28BD1AFE00B4D5CA /* Debug */,
				C3F3BB7028BD1AFE00B4D5CA /* Release */,
			);
			defaultConfigurationIsVisible = 0;
			defaultConfigurationName = Release;
		};
		C3F3BB7128BD1AFE00B4D5CA /* Build configuration list for PBXNativeTarget "BPMWorkoutVisualizerTests" */ = {
			isa = XCConfigurationList;
			buildConfigurations = (
				C3F3BB7228BD1AFE00B4D5CA /* Debug */,
				C3F3BB7328BD1AFE00B4D5CA /* Release */,
			);
			defaultConfigurationIsVisible = 0;
			defaultConfigurationName = Release;
		};
		C3F3BB7428BD1AFE00B4D5CA /* Build configuration list for PBXNativeTarget "BPMWorkoutVisualizerUITests" */ = {
			isa = XCConfigurationList;
			buildConfigurations = (
				C3F3BB7528BD1AFE00B4D5CA /* Debug */,
				C3F3BB7628BD1AFE00B4D5CA /* Release */,
			);
			defaultConfigurationIsVisible = 0;
			defaultConfigurationName = Release;
		};
/* End XCConfigurationList section */
	};
	rootObject = C3F3BB3C28BD1AFD00B4D5CA /* Project object */;
}
